{
  "object": {
    "pins": [
      {
        "package": "Greeting",
        "repositoryURL": "https://github.com/xho95/Greeting.git",
        "state": {
          "branch": null,
          "revision": "0e9f60479e994a6399a4a25cfebb3f334fc51108",
          "version": "0.0.1"
        }
      }
    ]
  },
  "version": 1
}
